// !$*UTF8*$!
{
	archiveVersion = 1;
	classes = {
	};
	objectVersion = 46;
	objects = {

/* Begin PBXBuildFile section */
		A166524C1AB9172A00559CDD /* main.swift in Sources */ = {isa = PBXBuildFile; fileRef = A166524B1AB9172A00559CDD /* main.swift */; };
		A1CFBB981ABBAF72001BA42C /* ScriptLibrary.swift in Sources */ = {isa = PBXBuildFile; fileRef = A1CFBB971ABBAF72001BA42C /* ScriptLibrary.swift */; };
		A1CFBB9D1ABBB37A001BA42C /* CommonTool.swift in Sources */ = {isa = PBXBuildFile; fileRef = A1CFBB9C1ABBB37A001BA42C /* CommonTool.swift */; };
		A1CFBBA01ABBC574001BA42C /* ScriptsLibrary in Resources */ = {isa = PBXBuildFile; fileRef = A1CFBB9F1ABBC574001BA42C /* ScriptsLibrary */; };
		A1F6B9FD1AB68939001B736A /* FoundationExtension.swift in Sources */ = {isa = PBXBuildFile; fileRef = A1F6B9FC1AB68939001B736A /* FoundationExtension.swift */; };
		A1FEB1321AB3DD1F003EAD66 /* AppDelegate.swift in Sources */ = {isa = PBXBuildFile; fileRef = A1FEB1311AB3DD1F003EAD66 /* AppDelegate.swift */; };
		A1FEB1341AB3DD1F003EAD66 /* ViewController.swift in Sources */ = {isa = PBXBuildFile; fileRef = A1FEB1331AB3DD1F003EAD66 /* ViewController.swift */; };
		A1FEB1371AB3DD1F003EAD66 /* Main.storyboard in Resources */ = {isa = PBXBuildFile; fileRef = A1FEB1351AB3DD1F003EAD66 /* Main.storyboard */; };
		A1FEB1391AB3DD1F003EAD66 /* Images.xcassets in Resources */ = {isa = PBXBuildFile; fileRef = A1FEB1381AB3DD1F003EAD66 /* Images.xcassets */; };
		A1FEB13C1AB3DD1F003EAD66 /* LaunchScreen.xib in Resources */ = {isa = PBXBuildFile; fileRef = A1FEB13A1AB3DD1F003EAD66 /* LaunchScreen.xib */; };
		A1FEB1481AB3DD20003EAD66 /* CommonToolTests.swift in Sources */ = {isa = PBXBuildFile; fileRef = A1FEB1471AB3DD20003EAD66 /* CommonToolTests.swift */; };
		A1FEB1541AB3DEB8003EAD66 /* UIKitExtension.swift in Sources */ = {isa = PBXBuildFile; fileRef = A1FEB1531AB3DEB8003EAD66 /* UIKitExtension.swift */; };
/* End PBXBuildFile section */

/* Begin PBXContainerItemProxy section */
		A1FEB1421AB3DD20003EAD66 /* PBXContainerItemProxy */ = {
			isa = PBXContainerItemProxy;
			containerPortal = A1FEB1241AB3DD1F003EAD66 /* Project object */;
			proxyType = 1;
			remoteGlobalIDString = A1FEB12B1AB3DD1F003EAD66;
			remoteInfo = CommonTool;
		};
/* End PBXContainerItemProxy section */

/* Begin PBXCopyFilesBuildPhase section */
		A16652471AB9172A00559CDD /* CopyFiles */ = {
			isa = PBXCopyFilesBuildPhase;
			buildActionMask = 2147483647;
			dstPath = /usr/share/man/man1/;
			dstSubfolderSpec = 0;
			files = (
			);
			runOnlyForDeploymentPostprocessing = 1;
		};
/* End PBXCopyFilesBuildPhase section */

/* Begin PBXFileReference section */
		A16652491AB9172A00559CDD /* SuperCalendar */ = {isa = PBXFileReference; explicitFileType = "compiled.mach-o.executable"; includeInIndex = 0; path = SuperCalendar; sourceTree = BUILT_PRODUCTS_DIR; };
		A166524B1AB9172A00559CDD /* main.swift */ = {isa = PBXFileReference; lastKnownFileType = sourcecode.swift; path = main.swift; sourceTree = "<group>"; };
		A1CFBB971ABBAF72001BA42C /* ScriptLibrary.swift */ = {isa = PBXFileReference; fileEncoding = 4; lastKnownFileType = sourcecode.swift; path = ScriptLibrary.swift; sourceTree = "<group>"; };
		A1CFBB9C1ABBB37A001BA42C /* CommonTool.swift */ = {isa = PBXFileReference; fileEncoding = 4; lastKnownFileType = sourcecode.swift; path = CommonTool.swift; sourceTree = "<group>"; };
		A1CFBB9F1ABBC574001BA42C /* ScriptsLibrary */ = {isa = PBXFileReference; lastKnownFileType = folder; path = ScriptsLibrary; sourceTree = "<group>"; };
		A1F6B9FC1AB68939001B736A /* FoundationExtension.swift */ = {isa = PBXFileReference; fileEncoding = 4; lastKnownFileType = sourcecode.swift; path = FoundationExtension.swift; sourceTree = "<group>"; };
		A1FEB12C1AB3DD1F003EAD66 /* CommonTool.app */ = {isa = PBXFileReference; explicitFileType = wrapper.application; includeInIndex = 0; path = CommonTool.app; sourceTree = BUILT_PRODUCTS_DIR; };
		A1FEB1301AB3DD1F003EAD66 /* Info.plist */ = {isa = PBXFileReference; lastKnownFileType = text.plist.xml; path = Info.plist; sourceTree = "<group>"; };
		A1FEB1311AB3DD1F003EAD66 /* AppDelegate.swift */ = {isa = PBXFileReference; lastKnownFileType = sourcecode.swift; path = AppDelegate.swift; sourceTree = "<group>"; };
		A1FEB1331AB3DD1F003EAD66 /* ViewController.swift */ = {isa = PBXFileReference; lastKnownFileType = sourcecode.swift; path = ViewController.swift; sourceTree = "<group>"; };
		A1FEB1361AB3DD1F003EAD66 /* Base */ = {isa = PBXFileReference; lastKnownFileType = file.storyboard; name = Base; path = Base.lproj/Main.storyboard; sourceTree = "<group>"; };
		A1FEB1381AB3DD1F003EAD66 /* Images.xcassets */ = {isa = PBXFileReference; lastKnownFileType = folder.assetcatalog; path = Images.xcassets; sourceTree = "<group>"; };
		A1FEB13B1AB3DD1F003EAD66 /* Base */ = {isa = PBXFileReference; lastKnownFileType = file.xib; name = Base; path = Base.lproj/LaunchScreen.xib; sourceTree = "<group>"; };
		A1FEB1411AB3DD20003EAD66 /* CommonToolTests.xctest */ = {isa = PBXFileReference; explicitFileType = wrapper.cfbundle; includeInIndex = 0; path = CommonToolTests.xctest; sourceTree = BUILT_PRODUCTS_DIR; };
		A1FEB1461AB3DD20003EAD66 /* Info.plist */ = {isa = PBXFileReference; lastKnownFileType = text.plist.xml; path = Info.plist; sourceTree = "<group>"; };
		A1FEB1471AB3DD20003EAD66 /* CommonToolTests.swift */ = {isa = PBXFileReference; lastKnownFileType = sourcecode.swift; path = CommonToolTests.swift; sourceTree = "<group>"; };
		A1FEB1531AB3DEB8003EAD66 /* UIKitExtension.swift */ = {isa = PBXFileReference; fileEncoding = 4; lastKnownFileType = sourcecode.swift; path = UIKitExtension.swift; sourceTree = "<group>"; };
/* End PBXFileReference section */

/* Begin PBXFrameworksBuildPhase section */
		A16652461AB9172A00559CDD /* Frameworks */ = {
			isa = PBXFrameworksBuildPhase;
			buildActionMask = 2147483647;
			files = (
			);
			runOnlyForDeploymentPostprocessing = 0;
		};
		A1FEB1291AB3DD1F003EAD66 /* Frameworks */ = {
			isa = PBXFrameworksBuildPhase;
			buildActionMask = 2147483647;
			files = (
			);
			runOnlyForDeploymentPostprocessing = 0;
		};
		A1FEB13E1AB3DD20003EAD66 /* Frameworks */ = {
			isa = PBXFrameworksBuildPhase;
			buildActionMask = 2147483647;
			files = (
			);
			runOnlyForDeploymentPostprocessing = 0;
		};
/* End PBXFrameworksBuildPhase section */

/* Begin PBXGroup section */
		A166524A1AB9172A00559CDD /* SuperCalendar */ = {
			isa = PBXGroup;
			children = (
				A166524B1AB9172A00559CDD /* main.swift */,
			);
			path = SuperCalendar;
			sourceTree = "<group>";
		};
		A1FEB1231AB3DD1F003EAD66 = {
			isa = PBXGroup;
			children = (
				A1FEB12E1AB3DD1F003EAD66 /* CommonTool */,
				A1FEB1441AB3DD20003EAD66 /* CommonToolTests */,
				A166524A1AB9172A00559CDD /* SuperCalendar */,
				A1FEB12D1AB3DD1F003EAD66 /* Products */,
			);
			sourceTree = "<group>";
		};
		A1FEB12D1AB3DD1F003EAD66 /* Products */ = {
			isa = PBXGroup;
			children = (
				A1FEB12C1AB3DD1F003EAD66 /* CommonTool.app */,
				A1FEB1411AB3DD20003EAD66 /* CommonToolTests.xctest */,
				A16652491AB9172A00559CDD /* SuperCalendar */,
			);
			name = Products;
			sourceTree = "<group>";
		};
		A1FEB12E1AB3DD1F003EAD66 /* CommonTool */ = {
			isa = PBXGroup;
			children = (
				A1FEB1311AB3DD1F003EAD66 /* AppDelegate.swift */,
				A1FEB1331AB3DD1F003EAD66 /* ViewController.swift */,
				A1FEB1351AB3DD1F003EAD66 /* Main.storyboard */,
				A1FEB1381AB3DD1F003EAD66 /* Images.xcassets */,
				A1FEB13A1AB3DD1F003EAD66 /* LaunchScreen.xib */,
				A1FEB12F1AB3DD1F003EAD66 /* Supporting Files */,
				A1FEB1531AB3DEB8003EAD66 /* UIKitExtension.swift */,
				A1F6B9FC1AB68939001B736A /* FoundationExtension.swift */,
				A1CFBB9C1ABBB37A001BA42C /* CommonTool.swift */,
				A1CFBB971ABBAF72001BA42C /* ScriptLibrary.swift */,
				A1CFBB9F1ABBC574001BA42C /* ScriptsLibrary */,
			);
			path = CommonTool;
			sourceTree = "<group>";
		};
		A1FEB12F1AB3DD1F003EAD66 /* Supporting Files */ = {
			isa = PBXGroup;
			children = (
				A1FEB1301AB3DD1F003EAD66 /* Info.plist */,
			);
			name = "Supporting Files";
			sourceTree = "<group>";
		};
		A1FEB1441AB3DD20003EAD66 /* CommonToolTests */ = {
			isa = PBXGroup;
			children = (
				A1FEB1471AB3DD20003EAD66 /* CommonToolTests.swift */,
				A1FEB1451AB3DD20003EAD66 /* Supporting Files */,
			);
			path = CommonToolTests;
			sourceTree = "<group>";
		};
		A1FEB1451AB3DD20003EAD66 /* Supporting Files */ = {
			isa = PBXGroup;
			children = (
				A1FEB1461AB3DD20003EAD66 /* Info.plist */,
			);
			name = "Supporting Files";
			sourceTree = "<group>";
		};
/* End PBXGroup section */

/* Begin PBXNativeTarget section */
		A16652481AB9172A00559CDD /* SuperCalendar */ = {
			isa = PBXNativeTarget;
			buildConfigurationList = A166524F1AB9172A00559CDD /* Build configuration list for PBXNativeTarget "SuperCalendar" */;
			buildPhases = (
				A16652451AB9172A00559CDD /* Sources */,
				A16652461AB9172A00559CDD /* Frameworks */,
				A16652471AB9172A00559CDD /* CopyFiles */,
			);
			buildRules = (
			);
			dependencies = (
			);
			name = SuperCalendar;
			productName = SuperCalendar;
			productReference = A16652491AB9172A00559CDD /* SuperCalendar */;
			productType = "com.apple.product-type.tool";
		};
		A1FEB12B1AB3DD1F003EAD66 /* CommonTool */ = {
			isa = PBXNativeTarget;
			buildConfigurationList = A1FEB14B1AB3DD20003EAD66 /* Build configuration list for PBXNativeTarget "CommonTool" */;
			buildPhases = (
				A1FEB1281AB3DD1F003EAD66 /* Sources */,
				A1FEB1291AB3DD1F003EAD66 /* Frameworks */,
				A1FEB12A1AB3DD1F003EAD66 /* Resources */,
			);
			buildRules = (
			);
			dependencies = (
			);
			name = CommonTool;
			productName = CommonTool;
			productReference = A1FEB12C1AB3DD1F003EAD66 /* CommonTool.app */;
			productType = "com.apple.product-type.application";
		};
		A1FEB1401AB3DD20003EAD66 /* CommonToolTests */ = {
			isa = PBXNativeTarget;
			buildConfigurationList = A1FEB14E1AB3DD20003EAD66 /* Build configuration list for PBXNativeTarget "CommonToolTests" */;
			buildPhases = (
				A1FEB13D1AB3DD20003EAD66 /* Sources */,
				A1FEB13E1AB3DD20003EAD66 /* Frameworks */,
				A1FEB13F1AB3DD20003EAD66 /* Resources */,
			);
			buildRules = (
			);
			dependencies = (
				A1FEB1431AB3DD20003EAD66 /* PBXTargetDependency */,
			);
			name = CommonToolTests;
			productName = CommonToolTests;
			productReference = A1FEB1411AB3DD20003EAD66 /* CommonToolTests.xctest */;
			productType = "com.apple.product-type.bundle.unit-test";
		};
/* End PBXNativeTarget section */

/* Begin PBXProject section */
		A1FEB1241AB3DD1F003EAD66 /* Project object */ = {
			isa = PBXProject;
			attributes = {
				LastUpgradeCheck = 0620;
				ORGANIZATIONNAME = Littocats;
				TargetAttributes = {
					A16652481AB9172A00559CDD = {
						CreatedOnToolsVersion = 6.2;
					};
					A1FEB12B1AB3DD1F003EAD66 = {
						CreatedOnToolsVersion = 6.2;
					};
					A1FEB1401AB3DD20003EAD66 = {
						CreatedOnToolsVersion = 6.2;
						TestTargetID = A1FEB12B1AB3DD1F003EAD66;
					};
				};
			};
			buildConfigurationList = A1FEB1271AB3DD1F003EAD66 /* Build configuration list for PBXProject "CommonTool" */;
			compatibilityVersion = "Xcode 3.2";
			developmentRegion = English;
			hasScannedForEncodings = 0;
			knownRegions = (
				en,
				Base,
			);
			mainGroup = A1FEB1231AB3DD1F003EAD66;
			productRefGroup = A1FEB12D1AB3DD1F003EAD66 /* Products */;
			projectDirPath = "";
			projectRoot = "";
			targets = (
				A1FEB12B1AB3DD1F003EAD66 /* CommonTool */,
				A1FEB1401AB3DD20003EAD66 /* CommonToolTests */,
				A16652481AB9172A00559CDD /* SuperCalendar */,
			);
		};
/* End PBXProject section */

/* Begin PBXResourcesBuildPhase section */
		A1FEB12A1AB3DD1F003EAD66 /* Resources */ = {
			isa = PBXResourcesBuildPhase;
			buildActionMask = 2147483647;
			files = (
				A1FEB1371AB3DD1F003EAD66 /* Main.storyboard in Resources */,
				A1FEB13C1AB3DD1F003EAD66 /* LaunchScreen.xib in Resources */,
				A1FEB1391AB3DD1F003EAD66 /* Images.xcassets in Resources */,
				A1CFBBA01ABBC574001BA42C /* ScriptsLibrary in Resources */,
			);
			runOnlyForDeploymentPostprocessing = 0;
		};
		A1FEB13F1AB3DD20003EAD66 /* Resources */ = {
			isa = PBXResourcesBuildPhase;
			buildActionMask = 2147483647;
			files = (
			);
			runOnlyForDeploymentPostprocessing = 0;
		};
/* End PBXResourcesBuildPhase section */

/* Begin PBXSourcesBuildPhase section */
		A16652451AB9172A00559CDD /* Sources */ = {
			isa = PBXSourcesBuildPhase;
			buildActionMask = 2147483647;
			files = (
				A166524C1AB9172A00559CDD /* main.swift in Sources */,
			);
			runOnlyForDeploymentPostprocessing = 0;
		};
		A1FEB1281AB3DD1F003EAD66 /* Sources */ = {
			isa = PBXSourcesBuildPhase;
			buildActionMask = 2147483647;
			files = (
				A1FEB1541AB3DEB8003EAD66 /* UIKitExtension.swift in Sources */,
				A1CFBB981ABBAF72001BA42C /* ScriptLibrary.swift in Sources */,
				A1FEB1341AB3DD1F003EAD66 /* ViewController.swift in Sources */,
				A1FEB1321AB3DD1F003EAD66 /* AppDelegate.swift in Sources */,
				A1CFBB9D1ABBB37A001BA42C /* CommonTool.swift in Sources */,
				A1F6B9FD1AB68939001B736A /* FoundationExtension.swift in Sources */,
			);
			runOnlyForDeploymentPostprocessing = 0;
		};
		A1FEB13D1AB3DD20003EAD66 /* Sources */ = {
			isa = PBXSourcesBuildPhase;
			buildActionMask = 2147483647;
			files = (
				A1FEB1481AB3DD20003EAD66 /* CommonToolTests.swift in Sources */,
			);
			runOnlyForDeploymentPostprocessing = 0;
		};
/* End PBXSourcesBuildPhase section */

/* Begin PBXTargetDependency section */
		A1FEB1431AB3DD20003EAD66 /* PBXTargetDependency */ = {
			isa = PBXTargetDependency;
			target = A1FEB12B1AB3DD1F003EAD66 /* CommonTool */;
			targetProxy = A1FEB1421AB3DD20003EAD66 /* PBXContainerItemProxy */;
		};
/* End PBXTargetDependency section */

/* Begin PBXVariantGroup section */
		A1FEB1351AB3DD1F003EAD66 /* Main.storyboard */ = {
			isa = PBXVariantGroup;
			children = (
				A1FEB1361AB3DD1F003EAD66 /* Base */,
			);
			name = Main.storyboard;
			sourceTree = "<group>";
		};
		A1FEB13A1AB3DD1F003EAD66 /* LaunchScreen.xib */ = {
			isa = PBXVariantGroup;
			children = (
				A1FEB13B1AB3DD1F003EAD66 /* Base */,
			);
			name = LaunchScreen.xib;
			sourceTree = "<group>";
		};
/* End PBXVariantGroup section */

/* Begin XCBuildConfiguration section */
		A166524D1AB9172A00559CDD /* Debug */ = {
			isa = XCBuildConfiguration;
			buildSettings = {
				GCC_PREPROCESSOR_DEFINITIONS = (
					"DEBUG=1",
					"$(inherited)",
				);
				MACOSX_DEPLOYMENT_TARGET = 10.10;
				PRODUCT_NAME = "$(TARGET_NAME)";
				SDKROOT = macosx;
			};
			name = Debug;
		};
		A166524E1AB9172A00559CDD /* Release */ = {
			isa = XCBuildConfiguration;
			buildSettings = {
				DEBUG_INFORMATION_FORMAT = "dwarf-with-dsym";
				MACOSX_DEPLOYMENT_TARGET = 10.10;
				PRODUCT_NAME = "$(TARGET_NAME)";
				SDKROOT = macosx;
			};
			name = Release;
		};
		A1FEB1491AB3DD20003EAD66 /* Debug */ = {
			isa = XCBuildConfiguration;
			buildSettings = {
				ALWAYS_SEARCH_USER_PATHS = NO;
				CLANG_CXX_LANGUAGE_STANDARD = "gnu++0x";
				CLANG_CXX_LIBRARY = "libc++";
				CLANG_ENABLE_MODULES = YES;
				CLANG_ENABLE_OBJC_ARC = YES;
				CLANG_WARN_BOOL_CONVERSION = YES;
				CLANG_WARN_CONSTANT_CONVERSION = YES;
				CLANG_WARN_DIRECT_OBJC_ISA_USAGE = YES_ERROR;
				CLANG_WARN_EMPTY_BODY = YES;
				CLANG_WARN_ENUM_CONVERSION = YES;
				CLANG_WARN_INT_CONVERSION = YES;
				CLANG_WARN_OBJC_ROOT_CLASS = YES_ERROR;
				CLANG_WARN_UNREACHABLE_CODE = YES;
				CLANG_WARN__DUPLICATE_METHOD_MATCH = YES;
				"CODE_SIGN_IDENTITY[sdk=iphoneos*]" = "iPhone Developer";
				COPY_PHASE_STRIP = NO;
				ENABLE_STRICT_OBJC_MSGSEND = YES;
				GCC_C_LANGUAGE_STANDARD = gnu99;
				GCC_DYNAMIC_NO_PIC = NO;
				GCC_OPTIMIZATION_LEVEL = 0;
				GCC_PREPROCESSOR_DEFINITIONS = (
					"DEBUG=1",
					"$(inherited)",
				);
				GCC_SYMBOLS_PRIVATE_EXTERN = NO;
				GCC_WARN_64_TO_32_BIT_CONVERSION = YES;
				GCC_WARN_ABOUT_RETURN_TYPE = YES_ERROR;
				GCC_WARN_UNDECLARED_SELECTOR = YES;
				GCC_WARN_UNINITIALIZED_AUTOS = YES_AGGRESSIVE;
				GCC_WARN_UNUSED_FUNCTION = YES;
				GCC_WARN_UNUSED_VARIABLE = YES;
				IPHONEOS_DEPLOYMENT_TARGET = 8.2;
				MTL_ENABLE_DEBUG_INFO = YES;
				ONLY_ACTIVE_ARCH = YES;
				SDKROOT = iphoneos;
				SWIFT_OPTIMIZATION_LEVEL = "-Onone";
				TARGETED_DEVICE_FAMILY = "1,2";
			};
			name = Debug;
		};
		A1FEB14A1AB3DD20003EAD66 /* Release */ = {
			isa = XCBuildConfiguration;
			buildSettings = {
				ALWAYS_SEARCH_USER_PATHS = NO;
				CLANG_CXX_LANGUAGE_STANDARD = "gnu++0x";
				CLANG_CXX_LIBRARY = "libc++";
				CLANG_ENABLE_MODULES = YES;
				CLANG_ENABLE_OBJC_ARC = YES;
				CLANG_WARN_BOOL_CONVERSION = YES;
				CLANG_WARN_CONSTANT_CONVERSION = YES;
				CLANG_WARN_DIRECT_OBJC_ISA_USAGE = YES_ERROR;
				CLANG_WARN_EMPTY_BODY = YES;
				CLANG_WARN_ENUM_CONVERSION = YES;
				CLANG_WARN_INT_CONVERSION = YES;
				CLANG_WARN_OBJC_ROOT_CLASS = YES_ERROR;
				CLANG_WARN_UNREACHABLE_CODE = YES;
				CLANG_WARN__DUPLICATE_METHOD_MATCH = YES;
				"CODE_SIGN_IDENTITY[sdk=iphoneos*]" = "iPhone Developer";
				COPY_PHASE_STRIP = NO;
				ENABLE_NS_ASSERTIONS = NO;
				ENABLE_STRICT_OBJC_MSGSEND = YES;
				GCC_C_LANGUAGE_STANDARD = gnu99;
				GCC_WARN_64_TO_32_BIT_CONVERSION = YES;
				GCC_WARN_ABOUT_RETURN_TYPE = YES_ERROR;
				GCC_WARN_UNDECLARED_SELECTOR = YES;
				GCC_WARN_UNINITIALIZED_AUTOS = YES_AGGRESSIVE;
				GCC_WARN_UNUSED_FUNCTION = YES;
				GCC_WARN_UNUSED_VARIABLE = YES;
				IPHONEOS_DEPLOYMENT_TARGET = 8.2;
				MTL_ENABLE_DEBUG_INFO = NO;
				SDKROOT = iphoneos;
				TARGETED_DEVICE_FAMILY = "1,2";
				VALIDATE_PRODUCT = YES;
			};
			name = Release;
		};
		A1FEB14C1AB3DD20003EAD66 /* Debug */ = {
			isa = XCBuildConfiguration;
			buildSettings = {
				ASSETCATALOG_COMPILER_APPICON_NAME = AppIcon;
				INFOPLIST_FILE = CommonTool/Info.plist;
				IPHONEOS_DEPLOYMENT_TARGET = 7.0;
				LD_RUNPATH_SEARCH_PATHS = "$(inherited) @executable_path/Frameworks";
				PRODUCT_NAME = "$(TARGET_NAME)";
			};
			name = Debug;
		};
		A1FEB14D1AB3DD20003EAD66 /* Release */ = {
			isa = XCBuildConfiguration;
			buildSettings = {
				ASSETCATALOG_COMPILER_APPICON_NAME = AppIcon;
				INFOPLIST_FILE = CommonTool/Info.plist;
				IPHONEOS_DEPLOYMENT_TARGET = 7.0;
				LD_RUNPATH_SEARCH_PATHS = "$(inherited) @executable_path/Frameworks";
				PRODUCT_NAME = "$(TARGET_NAME)";
			};
			name = Release;
		};
		A1FEB14F1AB3DD20003EAD66 /* Debug */ = {
			isa = XCBuildConfiguration;
			buildSettings = {
				BUNDLE_LOADER = "$(TEST_HOST)";
				FRAMEWORK_SEARCH_PATHS = (
					"$(SDKROOT)/Developer/Library/Frameworks",
					"$(inherited)",
				);
				GCC_PREPROCESSOR_DEFINITIONS = (
					"DEBUG=1",
					"$(inherited)",
				);
				INFOPLIST_FILE = CommonToolTests/Info.plist;
				LD_RUNPATH_SEARCH_PATHS = "$(inherited) @executable_path/Frameworks @loader_path/Frameworks";
				PRODUCT_NAME = "$(TARGET_NAME)";
				TEST_HOST = "$(BUILT_PRODUCTS_DIR)/CommonTool.app/CommonTool";
			};
			name = Debug;
		};
		A1FEB1501AB3DD20003EAD66 /* Release */ = {
			isa = XCBuildConfiguration;
			buildSettings = {
				BUNDLE_LOADER = "$(TEST_HOST)";
				FRAMEWORK_SEARCH_PATHS = (
					"$(SDKROOT)/Developer/Library/Frameworks",
					"$(inherited)",
				);
				INFOPLIST_FILE = CommonToolTests/Info.plist;
				LD_RUNPATH_SEARCH_PATHS = "$(inherited) @executable_path/Frameworks @loader_path/Frameworks";
				PRODUCT_NAME = "$(TARGET_NAME)";
				TEST_HOST = "$(BUILT_PRODUCTS_DIR)/CommonTool.app/CommonTool";
			};
			name = Release;
		};
/* End XCBuildConfiguration section */

/* Begin XCConfigurationList section */
		A166524F1AB9172A00559CDD /* Build configuration list for PBXNativeTarget "SuperCalendar" */ = {
			isa = XCConfigurationList;
			buildConfigurations = (
				A166524D1AB9172A00559CDD /* Debug */,
				A166524E1AB9172A00559CDD /* Release */,
			);
			defaultConfigurationIsVisible = 0;
			defaultConfigurationName = Release;
		};
		A1FEB1271AB3DD1F003EAD66 /* Build configuration list for PBXProject "CommonTool" */ = {
			isa = XCConfigurationList;
			buildConfigurations = (
				A1FEB1491AB3DD20003EAD66 /* Debug */,
				A1FEB14A1AB3DD20003EAD66 /* Release */,
			);
			defaultConfigurationIsVisible = 0;
			defaultConfigurationName = Release;
		};
		A1FEB14B1AB3DD20003EAD66 /* Build configuration list for PBXNativeTarget "CommonTool" */ = {
			isa = XCConfigurationList;
			buildConfigurations = (
				A1FEB14C1AB3DD20003EAD66 /* Debug */,
				A1FEB14D1AB3DD20003EAD66 /* Release */,
			);
			defaultConfigurationIsVisible = 0;
			defaultConfigurationName = Release;
		};
		A1FEB14E1AB3DD20003EAD66 /* Build configuration list for PBXNativeTarget "CommonToolTests" */ = {
			isa = XCConfigurationList;
			buildConfigurations = (
				A1FEB14F1AB3DD20003EAD66 /* Debug */,
				A1FEB1501AB3DD20003EAD66 /* Release */,
			);
			defaultConfigurationIsVisible = 0;
			defaultConfigurationName = Release;
		};
/* End XCConfigurationList section */
	};
	rootObject = A1FEB1241AB3DD1F003EAD66 /* Project object */;
}
